
Microsoft Visual Studio Solution File, Format Version 12.00
# Visual Studio 15
VisualStudioVersion = 15.0.27703.2026
MinimumVisualStudioVersion = 10.0.40219.1
Project("{9A19103F-16F7-4668-BE54-9A1E7A4F7556}") = "RandomPinGenerator", "RandomPinGenerator\RandomPinGenerator.csproj", "{378C56C0-A451-4251-A18C-6915B3C82FDE}"
EndProject
Project("{9A19103F-16F7-4668-BE54-9A1E7A4F7556}") = "RandomPinGenerator.Tests", "RandomPinGenerator.Tests\RandomPinGenerator.Tests.csproj", "{6657902E-9041-42E0-9953-166F0FB2AB0E}"
EndProject
Project("{9A19103F-16F7-4668-BE54-9A1E7A4F7556}") = "RandomPinService.Tests", "RandomPinService.Tests\RandomPinService.Tests.csproj", "{42C214AC-55EC-4E0F-9E7E-8B71C6525D5B}"
EndProject
Project("{FAE04EC0-301F-11D3-BF4B-00C04F79EFBC}") = "PinPolicies.Tests", "PinPolicies.Tests\PinPolicies.Tests.csproj", "{4BF46015-9F07-46B7-B3DF-1285FAFC3009}"
EndProject
Global
	GlobalSection(SolutionConfigurationPlatforms) = preSolution
		Debug|Any CPU = Debug|Any CPU
		Release|Any CPU = Release|Any CPU
	EndGlobalSection
	GlobalSection(ProjectConfigurationPlatforms) = postSolution
		{378C56C0-A451-4251-A18C-6915B3C82FDE}.Debug|Any CPU.ActiveCfg = Debug|Any CPU
		{378C56C0-A451-4251-A18C-6915B3C82FDE}.Debug|Any CPU.Build.0 = Debug|Any CPU
		{378C56C0-A451-4251-A18C-6915B3C82FDE}.Release|Any CPU.ActiveCfg = Release|Any CPU
		{378C56C0-A451-4251-A18C-6915B3C82FDE}.Release|Any CPU.Build.0 = Release|Any CPU
		{6657902E-9041-42E0-9953-166F0FB2AB0E}.Debug|Any CPU.ActiveCfg = Debug|Any CPU
		{6657902E-9041-42E0-9953-166F0FB2AB0E}.Debug|Any CPU.Build.0 = Debug|Any CPU
		{6657902E-9041-42E0-9953-166F0FB2AB0E}.Release|Any CPU.ActiveCfg = Release|Any CPU
		{6657902E-9041-42E0-9953-166F0FB2AB0E}.Release|Any CPU.Build.0 = Release|Any CPU
		{42C214AC-55EC-4E0F-9E7E-8B71C6525D5B}.Debug|Any CPU.ActiveCfg = Debug|Any CPU
		{42C214AC-55EC-4E0F-9E7E-8B71C6525D5B}.Debug|Any CPU.Build.0 = Debug|Any CPU
		{42C214AC-55EC-4E0F-9E7E-8B71C6525D5B}.Release|Any CPU.ActiveCfg = Release|Any CPU
		{42C214AC-55EC-4E0F-9E7E-8B71C6525D5B}.Release|Any CPU.Build.0 = Release|Any CPU
		{4BF46015-9F07-46B7-B3DF-1285FAFC3009}.Debug|Any CPU.ActiveCfg = Debug|Any CPU
		{4BF46015-9F07-46B7-B3DF-1285FAFC3009}.Debug|Any CPU.Build.0 = Debug|Any CPU
		{4BF46015-9F07-46B7-B3DF-1285FAFC3009}.Release|Any CPU.ActiveCfg = Release|Any CPU
		{4BF46015-9F07-46B7-B3DF-1285FAFC3009}.Release|Any CPU.Build.0 = Release|Any CPU
	EndGlobalSection
	GlobalSection(SolutionProperties) = preSolution
		HideSolutionNode = FALSE
	EndGlobalSection
	GlobalSection(ExtensibilityGlobals) = postSolution
		SolutionGuid = {B7F64F8C-E588-434B-B3C4-2357C69B5948}
	EndGlobalSection
EndGlobal
